
Microsoft Visual Studio Solution File, Format Version 12.00
# Visual Studio Version 16
VisualStudioVersion = 16.0.30204.135
MinimumVisualStudioVersion = 10.0.40219.1
Project("{2150E333-8FDC-42A3-9474-1A3956D46DE8}") = "BLL", "BLL", "{A951AE68-3E1C-4A9F-98F8-8CB33762C197}"
EndProject
Project("{2150E333-8FDC-42A3-9474-1A3956D46DE8}") = "DAL", "DAL", "{D982C4A8-0D80-481B-8342-9B3AE9AA90D0}"
EndProject
Project("{2150E333-8FDC-42A3-9474-1A3956D46DE8}") = "Model", "Model", "{F45516F6-38C3-40C9-9CE4-29869B5F77D2}"
EndProject
Project("{2150E333-8FDC-42A3-9474-1A3956D46DE8}") = "UI", "UI", "{DA7D7F21-BCC7-4501-ABF5-8BF8D05ED121}"
EndProject
Project("{FAE04EC0-301F-11D3-BF4B-00C04F79EFBC}") = "Company.BLL", "Company.BLL\Company.BLL.csproj", "{5F2172F7-020B-4563-B573-297135CF4D4C}"
EndProject
Project("{FAE04EC0-301F-11D3-BF4B-00C04F79EFBC}") = "Company.BLLContainer", "Company.BLLContainer\Company.BLLContainer.csproj", "{3D6800B3-39A5-4B21-9600-5536ACE47226}"
EndProject
Project("{FAE04EC0-301F-11D3-BF4B-00C04F79EFBC}") = "Company.IBLL", "Company.IBLL\Company.IBLL.csproj", "{FFF23619-6342-4456-B7E8-1FE76E829B64}"
EndProject
Project("{FAE04EC0-301F-11D3-BF4B-00C04F79EFBC}") = "Company.DAL", "Company.DAL\Company.DAL.csproj", "{5A7D5633-6FDA-4072-A4A9-4714402D0E37}"
EndProject
Project("{FAE04EC0-301F-11D3-BF4B-00C04F79EFBC}") = "Company.DALContainer", "Company.DALContainer\Company.DALContainer.csproj", "{3F210C5F-71C7-455F-B8D6-9073B5696C04}"
EndProject
Project("{FAE04EC0-301F-11D3-BF4B-00C04F79EFBC}") = "Company.IDAL", "Company.IDAL\Company.IDAL.csproj", "{1695912D-BBC2-4CD6-900A-3BA97A68C39B}"
EndProject
Project("{2150E333-8FDC-42A3-9474-1A3956D46DE8}") = "Common", "Common", "{22BBA4E7-7BF5-43BB-8158-73BB9DCAC7BF}"
EndProject
Project("{FAE04EC0-301F-11D3-BF4B-00C04F79EFBC}") = "Company.UI", "Company.UI\Company.UI.csproj", "{B665A510-8FD7-41FD-BC25-D1DDB0B68779}"
EndProject
Project("{FAE04EC0-301F-11D3-BF4B-00C04F79EFBC}") = "Company.Model", "Company.Model\Company.Model.csproj", "{34E46F5C-15A8-42D4-978E-0B31AB4C0576}"
EndProject
Global
	GlobalSection(SolutionConfigurationPlatforms) = preSolution
		Debug|Any CPU = Debug|Any CPU
		Release|Any CPU = Release|Any CPU
	EndGlobalSection
	GlobalSection(ProjectConfigurationPlatforms) = postSolution
		{5F2172F7-020B-4563-B573-297135CF4D4C}.Debug|Any CPU.ActiveCfg = Debug|Any CPU
		{5F2172F7-020B-4563-B573-297135CF4D4C}.Debug|Any CPU.Build.0 = Debug|Any CPU
		{5F2172F7-020B-4563-B573-297135CF4D4C}.Release|Any CPU.ActiveCfg = Release|Any CPU
		{5F2172F7-020B-4563-B573-297135CF4D4C}.Release|Any CPU.Build.0 = Release|Any CPU
		{3D6800B3-39A5-4B21-9600-5536ACE47226}.Debug|Any CPU.ActiveCfg = Debug|Any CPU
		{3D6800B3-39A5-4B21-9600-5536ACE47226}.Debug|Any CPU.Build.0 = Debug|Any CPU
		{3D6800B3-39A5-4B21-9600-5536ACE47226}.Release|Any CPU.ActiveCfg = Release|Any CPU
		{3D6800B3-39A5-4B21-9600-5536ACE47226}.Release|Any CPU.Build.0 = Release|Any CPU
		{FFF23619-6342-4456-B7E8-1FE76E829B64}.Debug|Any CPU.ActiveCfg = Debug|Any CPU
		{FFF23619-6342-4456-B7E8-1FE76E829B64}.Debug|Any CPU.Build.0 = Debug|Any CPU
		{FFF23619-6342-4456-B7E8-1FE76E829B64}.Release|Any CPU.ActiveCfg = Release|Any CPU
		{FFF23619-6342-4456-B7E8-1FE76E829B64}.Release|Any CPU.Build.0 = Release|Any CPU
		{5A7D5633-6FDA-4072-A4A9-4714402D0E37}.Debug|Any CPU.ActiveCfg = Debug|Any CPU
		{5A7D5633-6FDA-4072-A4A9-4714402D0E37}.Debug|Any CPU.Build.0 = Debug|Any CPU
		{5A7D5633-6FDA-4072-A4A9-4714402D0E37}.Release|Any CPU.ActiveCfg = Release|Any CPU
		{5A7D5633-6FDA-4072-A4A9-4714402D0E37}.Release|Any CPU.Build.0 = Release|Any CPU
		{3F210C5F-71C7-455F-B8D6-9073B5696C04}.Debug|Any CPU.ActiveCfg = Debug|Any CPU
		{3F210C5F-71C7-455F-B8D6-9073B5696C04}.Debug|Any CPU.Build.0 = Debug|Any CPU
		{3F210C5F-71C7-455F-B8D6-9073B5696C04}.Release|Any CPU.ActiveCfg = Release|Any CPU
		{3F210C5F-71C7-455F-B8D6-9073B5696C04}.Release|Any CPU.Build.0 = Release|Any CPU
		{1695912D-BBC2-4CD6-900A-3BA97A68C39B}.Debug|Any CPU.ActiveCfg = Debug|Any CPU
		{1695912D-BBC2-4CD6-900A-3BA97A68C39B}.Debug|Any CPU.Build.0 = Debug|Any CPU
		{1695912D-BBC2-4CD6-900A-3BA97A68C39B}.Release|Any CPU.ActiveCfg = Release|Any CPU
		{1695912D-BBC2-4CD6-900A-3BA97A68C39B}.Release|Any CPU.Build.0 = Release|Any CPU
		{B665A510-8FD7-41FD-BC25-D1DDB0B68779}.Debug|Any CPU.ActiveCfg = Debug|Any CPU
		{B665A510-8FD7-41FD-BC25-D1DDB0B68779}.Debug|Any CPU.Build.0 = Debug|Any CPU
		{B665A510-8FD7-41FD-BC25-D1DDB0B68779}.Release|Any CPU.ActiveCfg = Release|Any CPU
		{B665A510-8FD7-41FD-BC25-D1DDB0B68779}.Release|Any CPU.Build.0 = Release|Any CPU
		{34E46F5C-15A8-42D4-978E-0B31AB4C0576}.Debug|Any CPU.ActiveCfg = Debug|Any CPU
		{34E46F5C-15A8-42D4-978E-0B31AB4C0576}.Debug|Any CPU.Build.0 = Debug|Any CPU
		{34E46F5C-15A8-42D4-978E-0B31AB4C0576}.Release|Any CPU.ActiveCfg = Release|Any CPU
		{34E46F5C-15A8-42D4-978E-0B31AB4C0576}.Release|Any CPU.Build.0 = Release|Any CPU
	EndGlobalSection
	GlobalSection(SolutionProperties) = preSolution
		HideSolutionNode = FALSE
	EndGlobalSection
	GlobalSection(NestedProjects) = preSolution
		{5F2172F7-020B-4563-B573-297135CF4D4C} = {A951AE68-3E1C-4A9F-98F8-8CB33762C197}
		{3D6800B3-39A5-4B21-9600-5536ACE47226} = {A951AE68-3E1C-4A9F-98F8-8CB33762C197}
		{FFF23619-6342-4456-B7E8-1FE76E829B64} = {A951AE68-3E1C-4A9F-98F8-8CB33762C197}
		{5A7D5633-6FDA-4072-A4A9-4714402D0E37} = {D982C4A8-0D80-481B-8342-9B3AE9AA90D0}
		{3F210C5F-71C7-455F-B8D6-9073B5696C04} = {D982C4A8-0D80-481B-8342-9B3AE9AA90D0}
		{1695912D-BBC2-4CD6-900A-3BA97A68C39B} = {D982C4A8-0D80-481B-8342-9B3AE9AA90D0}
		{B665A510-8FD7-41FD-BC25-D1DDB0B68779} = {DA7D7F21-BCC7-4501-ABF5-8BF8D05ED121}
		{34E46F5C-15A8-42D4-978E-0B31AB4C0576} = {F45516F6-38C3-40C9-9CE4-29869B5F77D2}
	EndGlobalSection
	GlobalSection(ExtensibilityGlobals) = postSolution
		SolutionGuid = {7354F94C-94D1-460E-9D9C-F9C08A47C38C}
	EndGlobalSection
EndGlobal
